hash: e3ba7588c5946092b7ce1ce65c1044b3c7b814d873c17314a4189521ed6b33b8
updated: 2018-08-24T17:47:27.4552072+08:00
imports:
- name: github.com/cihub/seelog
  version: d2c6e5aa9fbfdd1c624e140287063c7730654115
- name: github.com/gin-contrib/sse
  version: 22d885f9ecc78bf4ee5d72b937e4bbcdc58e8cae
- name: github.com/gin-gonic/gin
  version: b869fe1415e4b9eb52f247441830d502aece2d4d
  subpackages:
  - binding
  - json
  - render
- name: github.com/go-sql-driver/mysql
  version: d523deb1b23d913de5bdada721a6071e71283618
- name: github.com/golang/protobuf
  version: b27b920f9e71b439b873b17bf99f56467623814a
  subpackages:
  - proto
- name: github.com/gomodule/redigo
  version: 9c11da706d9b7902c6da69c592f75637793fe121
  subpackages:
  - internal
  - redis
- name: github.com/jeanphorn/log4go
  version: 98034c71884ea84c88f2a7d28eaeb22eb0cc8b82
- name: github.com/json-iterator/go
  version: 1624edc4454b8682399def8740d46db5e4362ba4
- name: github.com/mattn/go-isatty
  version: 6ca4dbf54d38eea1a992b3c722a76a5d1c4cb25c
- name: github.com/modern-go/concurrent
  version: bacd9c7ef1dd9b15be4a9909b8ac7a4e313eec94
- name: github.com/modern-go/reflect2
  version: 94122c33edd36123c84d5368cfb2b69df93a0ec8
- name: github.com/toolkits/file
  version: a5b3c5147e07f934d9f9d00b901a20b2529f1a57
- name: github.com/ugorji/go
  version: 00b869d2f4a5e27445c2d916fa106fc72c106d4c
  subpackages:
  - codec
- name: golang.org/x/sys
  version: 11551d06cbcc94edc80a0facaccbda56473c19c1
  subpackages:
  - unix
- name: google.golang.org/appengine
  version: 4216e58b9158e5f1c906f1aca75162a46a2ec88a
  subpackages:
  - cloudsql
- name: gopkg.in/go-playground/validator.v8
  version: 5f1438d3fca68893a817e4a66806cea46a9e4ebf
- name: gopkg.in/mgo.v2
  version: 9856a29383ce1c59f308dd1cf0363a79b5bef6b5
  subpackages:
  - bson
  - internal/json
  - internal/sasl
  - internal/scram
- name: gopkg.in/yaml.v2
  version: 5420a8b6744d3b0345ab293f6fcba19c978f1183
testImports: []
